{
    "version": 3,
    "terraform_version": "0.11.7",
    "serial": 51,
    "lineage": "9fc41cb1-2140-8fc9-50a2-1e23c28dfb07",
    "modules": [
        {
            "path": [
                "root"
            ],
            "outputs": {},
            "resources": {
                "aws_key_pair.deployer": {
                    "type": "aws_key_pair",
                    "depends_on": [],
                    "primary": {
                        "id": "deploy",
                        "attributes": {
                            "id": "deploy",
                            "key_name": "deploy",
                            "public_key": "ssh-rsa AAAAB3NzaC1yc2EAAAADAQABAAABAQDFDAoktvc8sutjvtPHznUNn1GHanbg5qLnR08ENfLVh007u+6zoNTFu90D9BjGbxjNK3L6zl7LfqLwjhM08vFevwSaxhOuHGvwDf1NZvc859/qve0ALu+F4g+jkjZbJuV/a1xC+qhAPGZroHBK6L4DvPmwMuip6JvGnXqspFLVZDxdguthDGrYfca0whptKePPv4nZX4PfViwW26MqMRXbD7oXS74dTW1ufiF1LsRkh26tt3nJVSY91c2qo58GgqQPoKexc2yNW+1x+78ZkapZTZv9ZMI7INzXfomtwHeC2rfNxe9GiqkdyQICdOBjvXpyN43k5mDmpc4Ko4lkmEiR shashankt@shashankt-ubuntu16"
                        },
                        "meta": {
                            "schema_version": "1"
                        },
                        "tainted": false
                    },
                    "deposed": [],
                    "provider": "provider.aws"
                },
                "aws_security_group.swarm": {
                    "type": "aws_security_group",
                    "depends_on": [],
                    "primary": {
                        "id": "sg-6550b316",
                        "attributes": {
                            "arn": "arn:aws:ec2:us-west-2:114834500486:security-group/sg-6550b316",
                            "description": "Default security group that allows inbound and outbound traffic from all instances in the VPC",
                            "egress.#": "2",
                            "egress.2510676008.cidr_blocks.#": "1",
                            "egress.2510676008.cidr_blocks.0": "0.0.0.0/0",
                            "egress.2510676008.description": "",
                            "egress.2510676008.from_port": "0",
                            "egress.2510676008.ipv6_cidr_blocks.#": "0",
                            "egress.2510676008.prefix_list_ids.#": "0",
                            "egress.2510676008.protocol": "-1",
                            "egress.2510676008.security_groups.#": "0",
                            "egress.2510676008.self": "true",
                            "egress.2510676008.to_port": "0",
                            "egress.2541437006.cidr_blocks.#": "1",
                            "egress.2541437006.cidr_blocks.0": "0.0.0.0/0",
                            "egress.2541437006.description": "",
                            "egress.2541437006.from_port": "22",
                            "egress.2541437006.ipv6_cidr_blocks.#": "0",
                            "egress.2541437006.prefix_list_ids.#": "0",
                            "egress.2541437006.protocol": "tcp",
                            "egress.2541437006.security_groups.#": "0",
                            "egress.2541437006.self": "false",
                            "egress.2541437006.to_port": "22",
                            "id": "sg-6550b316",
                            "ingress.#": "2",
                            "ingress.2510676008.cidr_blocks.#": "1",
                            "ingress.2510676008.cidr_blocks.0": "0.0.0.0/0",
                            "ingress.2510676008.description": "",
                            "ingress.2510676008.from_port": "0",
                            "ingress.2510676008.ipv6_cidr_blocks.#": "0",
                            "ingress.2510676008.protocol": "-1",
                            "ingress.2510676008.security_groups.#": "0",
                            "ingress.2510676008.self": "true",
                            "ingress.2510676008.to_port": "0",
                            "ingress.2541437006.cidr_blocks.#": "1",
                            "ingress.2541437006.cidr_blocks.0": "0.0.0.0/0",
                            "ingress.2541437006.description": "",
                            "ingress.2541437006.from_port": "22",
                            "ingress.2541437006.ipv6_cidr_blocks.#": "0",
                            "ingress.2541437006.protocol": "tcp",
                            "ingress.2541437006.security_groups.#": "0",
                            "ingress.2541437006.self": "false",
                            "ingress.2541437006.to_port": "22",
                            "name": "observability-group",
                            "owner_id": "114834500486",
                            "revoke_rules_on_delete": "false",
                            "tags.%": "1",
                            "tags.Name": "docker-compose-example",
                            "vpc_id": "vpc-cd419fa9"
                        },
                        "meta": {
                            "e2bfb730-ecaa-11e6-8f88-34363bc7c4c0": {
                                "create": 600000000000,
                                "delete": 600000000000
                            },
                            "schema_version": "1"
                        },
                        "tainted": false
                    },
                    "deposed": [],
                    "provider": "provider.aws"
                }
            },
            "depends_on": []
        }
    ]
}
