{
    "version": 3,
    "terraform_version": "0.11.7",
    "serial": 54,
    "lineage": "9fc41cb1-2140-8fc9-50a2-1e23c28dfb07",
    "modules": [
        {
            "path": [
                "root"
            ],
            "outputs": {
                "master.ip": {
                    "sensitive": false,
                    "type": "string",
                    "value": "52.12.196.73"
                }
            },
            "resources": {
                "aws_instance.master": {
                    "type": "aws_instance",
                    "depends_on": [
                        "aws_key_pair.deployer",
                        "aws_security_group.swarm"
                    ],
                    "primary": {
                        "id": "i-0e158e2d66dfc0a2f",
                        "attributes": {
                            "ami": "ami-a3ebbfdb",
                            "associate_public_ip_address": "true",
                            "availability_zone": "us-west-2a",
                            "cpu_core_count": "8",
                            "cpu_threads_per_core": "1",
                            "credit_specification.#": "1",
                            "credit_specification.0.cpu_credits": "standard",
                            "disable_api_termination": "false",
                            "ebs_block_device.#": "0",
                            "ebs_optimized": "false",
                            "ephemeral_block_device.#": "0",
                            "get_password_data": "false",
                            "iam_instance_profile": "",
                            "id": "i-0e158e2d66dfc0a2f",
                            "instance_state": "running",
                            "instance_type": "t2.2xlarge",
                            "ipv6_addresses.#": "0",
                            "key_name": "deploy",
                            "monitoring": "false",
                            "network_interface.#": "0",
                            "network_interface_id": "eni-4db25647",
                            "password_data": "",
                            "placement_group": "",
                            "primary_network_interface_id": "eni-4db25647",
                            "private_dns": "ip-172-31-43-162.us-west-2.compute.internal",
                            "private_ip": "172.31.43.162",
                            "public_dns": "ec2-52-12-196-73.us-west-2.compute.amazonaws.com",
                            "public_ip": "52.12.196.73",
                            "root_block_device.#": "1",
                            "root_block_device.0.delete_on_termination": "true",
                            "root_block_device.0.iops": "100",
                            "root_block_device.0.volume_id": "vol-06fbe7e7abe86aa89",
                            "root_block_device.0.volume_size": "8",
                            "root_block_device.0.volume_type": "gp2",
                            "security_groups.#": "1",
                            "security_groups.2666599860": "observability-group",
                            "source_dest_check": "true",
                            "subnet_id": "subnet-df16eda9",
                            "tags.%": "1",
                            "tags.Name": "test-observevability",
                            "tenancy": "default",
                            "volume_tags.%": "0",
                            "vpc_security_group_ids.#": "1",
                            "vpc_security_group_ids.3922477511": "sg-e6f71995"
                        },
                        "meta": {
                            "e2bfb730-ecaa-11e6-8f88-34363bc7c4c0": {
                                "create": 600000000000,
                                "delete": 1200000000000,
                                "update": 600000000000
                            },
                            "schema_version": "1"
                        },
                        "tainted": false
                    },
                    "deposed": [],
                    "provider": "provider.aws"
                },
                "aws_key_pair.deployer": {
                    "type": "aws_key_pair",
                    "depends_on": [],
                    "primary": {
                        "id": "deploy",
                        "attributes": {
                            "id": "deploy",
                            "key_name": "deploy",
                            "public_key": "ssh-rsa AAAAB3NzaC1yc2EAAAADAQABAAABAQDFDAoktvc8sutjvtPHznUNn1GHanbg5qLnR08ENfLVh007u+6zoNTFu90D9BjGbxjNK3L6zl7LfqLwjhM08vFevwSaxhOuHGvwDf1NZvc859/qve0ALu+F4g+jkjZbJuV/a1xC+qhAPGZroHBK6L4DvPmwMuip6JvGnXqspFLVZDxdguthDGrYfca0whptKePPv4nZX4PfViwW26MqMRXbD7oXS74dTW1ufiF1LsRkh26tt3nJVSY91c2qo58GgqQPoKexc2yNW+1x+78ZkapZTZv9ZMI7INzXfomtwHeC2rfNxe9GiqkdyQICdOBjvXpyN43k5mDmpc4Ko4lkmEiR shashankt@shashankt-ubuntu16"
                        },
                        "meta": {
                            "schema_version": "1"
                        },
                        "tainted": false
                    },
                    "deposed": [],
                    "provider": "provider.aws"
                },
                "aws_security_group.swarm": {
                    "type": "aws_security_group",
                    "depends_on": [],
                    "primary": {
                        "id": "sg-e6f71995",
                        "attributes": {
                            "arn": "arn:aws:ec2:us-west-2:114834500486:security-group/sg-e6f71995",
                            "description": "Default security group that allows inbound and outbound traffic from all instances in the VPC",
                            "egress.#": "2",
                            "egress.2510676008.cidr_blocks.#": "1",
                            "egress.2510676008.cidr_blocks.0": "0.0.0.0/0",
                            "egress.2510676008.description": "",
                            "egress.2510676008.from_port": "0",
                            "egress.2510676008.ipv6_cidr_blocks.#": "0",
                            "egress.2510676008.prefix_list_ids.#": "0",
                            "egress.2510676008.protocol": "-1",
                            "egress.2510676008.security_groups.#": "0",
                            "egress.2510676008.self": "true",
                            "egress.2510676008.to_port": "0",
                            "egress.2541437006.cidr_blocks.#": "1",
                            "egress.2541437006.cidr_blocks.0": "0.0.0.0/0",
                            "egress.2541437006.description": "",
                            "egress.2541437006.from_port": "22",
                            "egress.2541437006.ipv6_cidr_blocks.#": "0",
                            "egress.2541437006.prefix_list_ids.#": "0",
                            "egress.2541437006.protocol": "tcp",
                            "egress.2541437006.security_groups.#": "0",
                            "egress.2541437006.self": "false",
                            "egress.2541437006.to_port": "22",
                            "id": "sg-e6f71995",
                            "ingress.#": "2",
                            "ingress.2510676008.cidr_blocks.#": "1",
                            "ingress.2510676008.cidr_blocks.0": "0.0.0.0/0",
                            "ingress.2510676008.description": "",
                            "ingress.2510676008.from_port": "0",
                            "ingress.2510676008.ipv6_cidr_blocks.#": "0",
                            "ingress.2510676008.protocol": "-1",
                            "ingress.2510676008.security_groups.#": "0",
                            "ingress.2510676008.self": "true",
                            "ingress.2510676008.to_port": "0",
                            "ingress.2541437006.cidr_blocks.#": "1",
                            "ingress.2541437006.cidr_blocks.0": "0.0.0.0/0",
                            "ingress.2541437006.description": "",
                            "ingress.2541437006.from_port": "22",
                            "ingress.2541437006.ipv6_cidr_blocks.#": "0",
                            "ingress.2541437006.protocol": "tcp",
                            "ingress.2541437006.security_groups.#": "0",
                            "ingress.2541437006.self": "false",
                            "ingress.2541437006.to_port": "22",
                            "name": "observability-group",
                            "owner_id": "114834500486",
                            "revoke_rules_on_delete": "false",
                            "tags.%": "1",
                            "tags.Name": "docker-compose-example",
                            "vpc_id": "vpc-cd419fa9"
                        },
                        "meta": {
                            "e2bfb730-ecaa-11e6-8f88-34363bc7c4c0": {
                                "create": 600000000000,
                                "delete": 600000000000
                            },
                            "schema_version": "1"
                        },
                        "tainted": false
                    },
                    "deposed": [],
                    "provider": "provider.aws"
                }
            },
            "depends_on": []
        }
    ]
}
